// !$*UTF8*$!
{
	archiveVersion = 1;
	classes = {
	};
	objectVersion = 50;
	objects = {

/* Begin PBXBuildFile section */
		816FCC2B9BA06AB0FFD9030B /* Pods_TextRecognaizer.framework in Frameworks */ = {isa = PBXBuildFile; fileRef = 01C17637440BEE82AF7B8E34 /* Pods_TextRecognaizer.framework */; };
		B731790C232FD6DE0045ED22 /* AppDelegate.swift in Sources */ = {isa = PBXBuildFile; fileRef = B731790B232FD6DE0045ED22 /* AppDelegate.swift */; };
		B731790E232FD6DE0045ED22 /* ViewController.swift in Sources */ = {isa = PBXBuildFile; fileRef = B731790D232FD6DE0045ED22 /* ViewController.swift */; };
		B7317913232FD6DF0045ED22 /* Assets.xcassets in Resources */ = {isa = PBXBuildFile; fileRef = B7317912232FD6DF0045ED22 /* Assets.xcassets */; };
		B7317916232FD6DF0045ED22 /* LaunchScreen.storyboard in Resources */ = {isa = PBXBuildFile; fileRef = B7317914232FD6DF0045ED22 /* LaunchScreen.storyboard */; };
		B731791E232FD8DF0045ED22 /* CameraViewController.swift in Sources */ = {isa = PBXBuildFile; fileRef = B731791D232FD8DF0045ED22 /* CameraViewController.swift */; };
		B7C578E62338AFFD00C725DC /* PhotoCropEditorBorder@2x.png in Resources */ = {isa = PBXBuildFile; fileRef = B7C578DD2338AFFD00C725DC /* PhotoCropEditorBorder@2x.png */; };
		B7C578E72338AFFD00C725DC /* UIImage+Crop.swift in Sources */ = {isa = PBXBuildFile; fileRef = B7C578DE2338AFFD00C725DC /* UIImage+Crop.swift */; };
		B7C578E82338AFFD00C725DC /* PhotoCropEditorBorder@3x.png in Resources */ = {isa = PBXBuildFile; fileRef = B7C578DF2338AFFD00C725DC /* PhotoCropEditorBorder@3x.png */; };
		B7C578E92338AFFD00C725DC /* PhotoCropEditorBorder.png in Resources */ = {isa = PBXBuildFile; fileRef = B7C578E02338AFFD00C725DC /* PhotoCropEditorBorder.png */; };
		B7C578EA2338AFFD00C725DC /* CropView.swift in Sources */ = {isa = PBXBuildFile; fileRef = B7C578E12338AFFD00C725DC /* CropView.swift */; };
		B7C578EB2338AFFD00C725DC /* ResizeControl.swift in Sources */ = {isa = PBXBuildFile; fileRef = B7C578E22338AFFD00C725DC /* ResizeControl.swift */; };
		B7C578EC2338AFFD00C725DC /* CropViewController.swift in Sources */ = {isa = PBXBuildFile; fileRef = B7C578E32338AFFD00C725DC /* CropViewController.swift */; };
		B7C578EE2338AFFD00C725DC /* CropRectView.swift in Sources */ = {isa = PBXBuildFile; fileRef = B7C578E52338AFFD00C725DC /* CropRectView.swift */; };
		B7C578F02338B3F600C725DC /* OrientationAppService.swift in Sources */ = {isa = PBXBuildFile; fileRef = B7C578EF2338B3F600C725DC /* OrientationAppService.swift */; };
		B7E792F5233CBE760028660D /* RecognitionViewController.swift in Sources */ = {isa = PBXBuildFile; fileRef = B7E792F4233CBE760028660D /* RecognitionViewController.swift */; };
		B7E7930B233CBE8F0028660D /* ScaledElementProcessor.swift in Sources */ = {isa = PBXBuildFile; fileRef = B7E79301233CBE8F0028660D /* ScaledElementProcessor.swift */; };
		B7E7930F233CC1800028660D /* Main.storyboard in Resources */ = {isa = PBXBuildFile; fileRef = B7E7930E233CC1800028660D /* Main.storyboard */; };
		B7E79311233CC1D00028660D /* GoogleService-Info.plist in Resources */ = {isa = PBXBuildFile; fileRef = B7E79310233CC1D00028660D /* GoogleService-Info.plist */; };
		B7E79314233CC25C0028660D /* CameraButton.swift in Sources */ = {isa = PBXBuildFile; fileRef = B7E79313233CC25C0028660D /* CameraButton.swift */; };
/* End PBXBuildFile section */

/* Begin PBXFileReference section */
		01C17637440BEE82AF7B8E34 /* Pods_TextRecognaizer.framework */ = {isa = PBXFileReference; explicitFileType = wrapper.framework; includeInIndex = 0; path = Pods_TextRecognaizer.framework; sourceTree = BUILT_PRODUCTS_DIR; };
		B7317908232FD6DE0045ED22 /* TextRecognaizer.app */ = {isa = PBXFileReference; explicitFileType = wrapper.application; includeInIndex = 0; path = TextRecognaizer.app; sourceTree = BUILT_PRODUCTS_DIR; };
		B731790B232FD6DE0045ED22 /* AppDelegate.swift */ = {isa = PBXFileReference; lastKnownFileType = sourcecode.swift; path = AppDelegate.swift; sourceTree = "<group>"; };
		B731790D232FD6DE0045ED22 /* ViewController.swift */ = {isa = PBXFileReference; lastKnownFileType = sourcecode.swift; path = ViewController.swift; sourceTree = "<group>"; };
		B7317912232FD6DF0045ED22 /* Assets.xcassets */ = {isa = PBXFileReference; lastKnownFileType = folder.assetcatalog; path = Assets.xcassets; sourceTree = "<group>"; };
		B7317915232FD6DF0045ED22 /* Base */ = {isa = PBXFileReference; lastKnownFileType = file.storyboard; name = Base; path = Base.lproj/LaunchScreen.storyboard; sourceTree = "<group>"; };
		B7317917232FD6DF0045ED22 /* Info.plist */ = {isa = PBXFileReference; lastKnownFileType = text.plist.xml; path = Info.plist; sourceTree = "<group>"; };
		B731791D232FD8DF0045ED22 /* CameraViewController.swift */ = {isa = PBXFileReference; lastKnownFileType = sourcecode.swift; path = CameraViewController.swift; sourceTree = "<group>"; };
		B7C578DC2338AFFD00C725DC /* CropViewController.h */ = {isa = PBXFileReference; fileEncoding = 4; lastKnownFileType = sourcecode.c.h; path = CropViewController.h; sourceTree = "<group>"; };
		B7C578DD2338AFFD00C725DC /* PhotoCropEditorBorder@2x.png */ = {isa = PBXFileReference; lastKnownFileType = image.png; path = "PhotoCropEditorBorder@2x.png"; sourceTree = "<group>"; };
		B7C578DE2338AFFD00C725DC /* UIImage+Crop.swift */ = {isa = PBXFileReference; fileEncoding = 4; lastKnownFileType = sourcecode.swift; path = "UIImage+Crop.swift"; sourceTree = "<group>"; };
		B7C578DF2338AFFD00C725DC /* PhotoCropEditorBorder@3x.png */ = {isa = PBXFileReference; lastKnownFileType = image.png; path = "PhotoCropEditorBorder@3x.png"; sourceTree = "<group>"; };
		B7C578E02338AFFD00C725DC /* PhotoCropEditorBorder.png */ = {isa = PBXFileReference; lastKnownFileType = image.png; path = PhotoCropEditorBorder.png; sourceTree = "<group>"; };
		B7C578E12338AFFD00C725DC /* CropView.swift */ = {isa = PBXFileReference; fileEncoding = 4; lastKnownFileType = sourcecode.swift; path = CropView.swift; sourceTree = "<group>"; };
		B7C578E22338AFFD00C725DC /* ResizeControl.swift */ = {isa = PBXFileReference; fileEncoding = 4; lastKnownFileType = sourcecode.swift; path = ResizeControl.swift; sourceTree = "<group>"; };
		B7C578E32338AFFD00C725DC /* CropViewController.swift */ = {isa = PBXFileReference; fileEncoding = 4; lastKnownFileType = sourcecode.swift; path = CropViewController.swift; sourceTree = "<group>"; };
		B7C578E42338AFFD00C725DC /* Info.plist */ = {isa = PBXFileReference; fileEncoding = 4; lastKnownFileType = text.plist.xml; path = Info.plist; sourceTree = "<group>"; };
		B7C578E52338AFFD00C725DC /* CropRectView.swift */ = {isa = PBXFileReference; fileEncoding = 4; lastKnownFileType = sourcecode.swift; path = CropRectView.swift; sourceTree = "<group>"; };
		B7C578EF2338B3F600C725DC /* OrientationAppService.swift */ = {isa = PBXFileReference; lastKnownFileType = sourcecode.swift; path = OrientationAppService.swift; sourceTree = "<group>"; };
		B7E792F4233CBE760028660D /* RecognitionViewController.swift */ = {isa = PBXFileReference; fileEncoding = 4; lastKnownFileType = sourcecode.swift; path = RecognitionViewController.swift; sourceTree = "<group>"; };
		B7E79301233CBE8F0028660D /* ScaledElementProcessor.swift */ = {isa = PBXFileReference; fileEncoding = 4; lastKnownFileType = sourcecode.swift; name = ScaledElementProcessor.swift; path = TextRecognaizer/Services/ScaledElementProcessor.swift; sourceTree = SOURCE_ROOT; };
		B7E7930E233CC1800028660D /* Main.storyboard */ = {isa = PBXFileReference; lastKnownFileType = file.storyboard; path = Main.storyboard; sourceTree = "<group>"; };
		B7E79310233CC1D00028660D /* GoogleService-Info.plist */ = {isa = PBXFileReference; fileEncoding = 4; lastKnownFileType = text.plist.xml; path = "GoogleService-Info.plist"; sourceTree = "<group>"; };
		B7E79313233CC25C0028660D /* CameraButton.swift */ = {isa = PBXFileReference; lastKnownFileType = sourcecode.swift; path = CameraButton.swift; sourceTree = "<group>"; };
		DF6970F143FC44C75D57AFD6 /* Pods-TextRecognaizer.debug.xcconfig */ = {isa = PBXFileReference; includeInIndex = 1; lastKnownFileType = text.xcconfig; name = "Pods-TextRecognaizer.debug.xcconfig"; path = "Target Support Files/Pods-TextRecognaizer/Pods-TextRecognaizer.debug.xcconfig"; sourceTree = "<group>"; };
		FE603C6834476F9D759B2624 /* Pods-TextRecognaizer.release.xcconfig */ = {isa = PBXFileReference; includeInIndex = 1; lastKnownFileType = text.xcconfig; name = "Pods-TextRecognaizer.release.xcconfig"; path = "Target Support Files/Pods-TextRecognaizer/Pods-TextRecognaizer.release.xcconfig"; sourceTree = "<group>"; };
/* End PBXFileReference section */

/* Begin PBXFrameworksBuildPhase section */
		B7317905232FD6DE0045ED22 /* Frameworks */ = {
			isa = PBXFrameworksBuildPhase;
			buildActionMask = 2147483647;
			files = (
				816FCC2B9BA06AB0FFD9030B /* Pods_TextRecognaizer.framework in Frameworks */,
			);
			runOnlyForDeploymentPostprocessing = 0;
		};
/* End PBXFrameworksBuildPhase section */

/* Begin PBXGroup section */
		27872EAF80A0ED8A1FD646A4 /* Frameworks */ = {
			isa = PBXGroup;
			children = (
				01C17637440BEE82AF7B8E34 /* Pods_TextRecognaizer.framework */,
			);
			name = Frameworks;
			sourceTree = "<group>";
		};
		8629D0322B08E4AD69E8EE66 /* Pods */ = {
			isa = PBXGroup;
			children = (
				DF6970F143FC44C75D57AFD6 /* Pods-TextRecognaizer.debug.xcconfig */,
				FE603C6834476F9D759B2624 /* Pods-TextRecognaizer.release.xcconfig */,
			);
			path = Pods;
			sourceTree = "<group>";
		};
		B73178FF232FD6DE0045ED22 = {
			isa = PBXGroup;
			children = (
				B731790A232FD6DE0045ED22 /* TextRecognaizer */,
				B7317909232FD6DE0045ED22 /* Products */,
				8629D0322B08E4AD69E8EE66 /* Pods */,
				27872EAF80A0ED8A1FD646A4 /* Frameworks */,
			);
			sourceTree = "<group>";
		};
		B7317909232FD6DE0045ED22 /* Products */ = {
			isa = PBXGroup;
			children = (
				B7317908232FD6DE0045ED22 /* TextRecognaizer.app */,
			);
			name = Products;
			sourceTree = "<group>";
		};
		B731790A232FD6DE0045ED22 /* TextRecognaizer */ = {
			isa = PBXGroup;
			children = (
				B7E7930E233CC1800028660D /* Main.storyboard */,
				B7317920232FD9150045ED22 /* ViewControllers */,
				B7E79312233CC2460028660D /* CustomViews */,
				B7C578DA2338AFBA00C725DC /* Services */,
				B731791F232FD9050045ED22 /* others */,
				B7E79310233CC1D00028660D /* GoogleService-Info.plist */,
			);
			path = TextRecognaizer;
			sourceTree = "<group>";
		};
		B731791F232FD9050045ED22 /* others */ = {
			isa = PBXGroup;
			children = (
				B7317914232FD6DF0045ED22 /* LaunchScreen.storyboard */,
				B7317912232FD6DF0045ED22 /* Assets.xcassets */,
				B731790B232FD6DE0045ED22 /* AppDelegate.swift */,
				B7317917232FD6DF0045ED22 /* Info.plist */,
			);
			path = others;
			sourceTree = "<group>";
		};
		B7317920232FD9150045ED22 /* ViewControllers */ = {
			isa = PBXGroup;
			children = (
				B731790D232FD6DE0045ED22 /* ViewController.swift */,
				B731791D232FD8DF0045ED22 /* CameraViewController.swift */,
				B7E792F4233CBE760028660D /* RecognitionViewController.swift */,
			);
			path = ViewControllers;
			sourceTree = "<group>";
		};
		B7C578DA2338AFBA00C725DC /* Services */ = {
			isa = PBXGroup;
			children = (
				B7C578DB2338AFFD00C725DC /* CropViewController */,
				B7C578EF2338B3F600C725DC /* OrientationAppService.swift */,
				B7E79301233CBE8F0028660D /* ScaledElementProcessor.swift */,
			);
			path = Services;
			sourceTree = "<group>";
		};
		B7C578DB2338AFFD00C725DC /* CropViewController */ = {
			isa = PBXGroup;
			children = (
				B7C578DC2338AFFD00C725DC /* CropViewController.h */,
				B7C578DD2338AFFD00C725DC /* PhotoCropEditorBorder@2x.png */,
				B7C578DE2338AFFD00C725DC /* UIImage+Crop.swift */,
				B7C578DF2338AFFD00C725DC /* PhotoCropEditorBorder@3x.png */,
				B7C578E02338AFFD00C725DC /* PhotoCropEditorBorder.png */,
				B7C578E12338AFFD00C725DC /* CropView.swift */,
				B7C578E22338AFFD00C725DC /* ResizeControl.swift */,
				B7C578E32338AFFD00C725DC /* CropViewController.swift */,
				B7C578E42338AFFD00C725DC /* Info.plist */,
				B7C578E52338AFFD00C725DC /* CropRectView.swift */,
			);
			name = CropViewController;
			path = TextRecognaizer/Services/CropViewController;
			sourceTree = SOURCE_ROOT;
		};
		B7E79312233CC2460028660D /* CustomViews */ = {
			isa = PBXGroup;
			children = (
				B7E79313233CC25C0028660D /* CameraButton.swift */,
			);
			path = CustomViews;
			sourceTree = "<group>";
		};
/* End PBXGroup section */

/* Begin PBXNativeTarget section */
		B7317907232FD6DE0045ED22 /* TextRecognaizer */ = {
			isa = PBXNativeTarget;
			buildConfigurationList = B731791A232FD6DF0045ED22 /* Build configuration list for PBXNativeTarget "TextRecognaizer" */;
			buildPhases = (
				5670723F5188B9B7C258D9A1 /* [CP] Check Pods Manifest.lock */,
				B7317904232FD6DE0045ED22 /* Sources */,
				B7317905232FD6DE0045ED22 /* Frameworks */,
				B7317906232FD6DE0045ED22 /* Resources */,
				F46815ACD406FE081C4D3775 /* [CP] Embed Pods Frameworks */,
				46BFF580586D70C2C04EBE4B /* [CP] Copy Pods Resources */,
			);
			buildRules = (
			);
			dependencies = (
			);
			name = TextRecognaizer;
			productName = TextRecognaizer;
			productReference = B7317908232FD6DE0045ED22 /* TextRecognaizer.app */;
			productType = "com.apple.product-type.application";
		};
/* End PBXNativeTarget section */

/* Begin PBXProject section */
		B7317900232FD6DE0045ED22 /* Project object */ = {
			isa = PBXProject;
			attributes = {
				LastSwiftUpdateCheck = 1020;
				LastUpgradeCheck = 1020;
				ORGANIZATIONNAME = "Коноплев Андрей";
				TargetAttributes = {
					B7317907232FD6DE0045ED22 = {
						CreatedOnToolsVersion = 10.2.1;
					};
				};
			};
			buildConfigurationList = B7317903232FD6DE0045ED22 /* Build configuration list for PBXProject "TextRecognaizer" */;
			compatibilityVersion = "Xcode 9.3";
			developmentRegion = en;
			hasScannedForEncodings = 0;
			knownRegions = (
				en,
				Base,
			);
			mainGroup = B73178FF232FD6DE0045ED22;
			productRefGroup = B7317909232FD6DE0045ED22 /* Products */;
			projectDirPath = "";
			projectRoot = "";
			targets = (
				B7317907232FD6DE0045ED22 /* TextRecognaizer */,
			);
		};
/* End PBXProject section */

/* Begin PBXResourcesBuildPhase section */
		B7317906232FD6DE0045ED22 /* Resources */ = {
			isa = PBXResourcesBuildPhase;
			buildActionMask = 2147483647;
			files = (
				B7C578E62338AFFD00C725DC /* PhotoCropEditorBorder@2x.png in Resources */,
				B7C578E82338AFFD00C725DC /* PhotoCropEditorBorder@3x.png in Resources */,
				B7317916232FD6DF0045ED22 /* LaunchScreen.storyboard in Resources */,
				B7E7930F233CC1800028660D /* Main.storyboard in Resources */,
				B7C578E92338AFFD00C725DC /* PhotoCropEditorBorder.png in Resources */,
				B7317913232FD6DF0045ED22 /* Assets.xcassets in Resources */,
				B7E79311233CC1D00028660D /* GoogleService-Info.plist in Resources */,
			);
			runOnlyForDeploymentPostprocessing = 0;
		};
/* End PBXResourcesBuildPhase section */

/* Begin PBXShellScriptBuildPhase section */
		46BFF580586D70C2C04EBE4B /* [CP] Copy Pods Resources */ = {
			isa = PBXShellScriptBuildPhase;
			buildActionMask = 2147483647;
			files = (
			);
			inputFileListPaths = (
			);
			inputPaths = (
				"${PODS_ROOT}/Target Support Files/Pods-TextRecognaizer/Pods-TextRecognaizer-resources.sh",
				"${PODS_CONFIGURATION_BUILD_DIR}/FirebaseMLVisionTextModel/GoogleMVTextDetectorResources.bundle",
			);
			name = "[CP] Copy Pods Resources";
			outputFileListPaths = (
			);
			outputPaths = (
				"${TARGET_BUILD_DIR}/${UNLOCALIZED_RESOURCES_FOLDER_PATH}/GoogleMVTextDetectorResources.bundle",
			);
			runOnlyForDeploymentPostprocessing = 0;
			shellPath = /bin/sh;
			shellScript = "\"${PODS_ROOT}/Target Support Files/Pods-TextRecognaizer/Pods-TextRecognaizer-resources.sh\"\n";
			showEnvVarsInLog = 0;
		};
		5670723F5188B9B7C258D9A1 /* [CP] Check Pods Manifest.lock */ = {
			isa = PBXShellScriptBuildPhase;
			buildActionMask = 2147483647;
			files = (
			);
			inputFileListPaths = (
			);
			inputPaths = (
				"${PODS_PODFILE_DIR_PATH}/Podfile.lock",
				"${PODS_ROOT}/Manifest.lock",
			);
			name = "[CP] Check Pods Manifest.lock";
			outputFileListPaths = (
			);
			outputPaths = (
				"$(DERIVED_FILE_DIR)/Pods-TextRecognaizer-checkManifestLockResult.txt",
			);
			runOnlyForDeploymentPostprocessing = 0;
			shellPath = /bin/sh;
			shellScript = "diff \"${PODS_PODFILE_DIR_PATH}/Podfile.lock\" \"${PODS_ROOT}/Manifest.lock\" > /dev/null\nif [ $? != 0 ] ; then\n    # print error to STDERR\n    echo \"error: The sandbox is not in sync with the Podfile.lock. Run 'pod install' or update your CocoaPods installation.\" >&2\n    exit 1\nfi\n# This output is used by Xcode 'outputs' to avoid re-running this script phase.\necho \"SUCCESS\" > \"${SCRIPT_OUTPUT_FILE_0}\"\n";
			showEnvVarsInLog = 0;
		};
		F46815ACD406FE081C4D3775 /* [CP] Embed Pods Frameworks */ = {
			isa = PBXShellScriptBuildPhase;
			buildActionMask = 2147483647;
			files = (
			);
			inputFileListPaths = (
			);
			inputPaths = (
				"${PODS_ROOT}/Target Support Files/Pods-TextRecognaizer/Pods-TextRecognaizer-frameworks.sh",
				"${BUILT_PRODUCTS_DIR}/GTMSessionFetcher/GTMSessionFetcher.framework",
				"${BUILT_PRODUCTS_DIR}/GoogleAPIClientForREST/GoogleAPIClientForREST.framework",
				"${BUILT_PRODUCTS_DIR}/GoogleToolboxForMac/GoogleToolboxForMac.framework",
				"${BUILT_PRODUCTS_DIR}/GoogleUtilities/GoogleUtilities.framework",
				"${BUILT_PRODUCTS_DIR}/Protobuf/Protobuf.framework",
				"${BUILT_PRODUCTS_DIR}/nanopb/nanopb.framework",
			);
			name = "[CP] Embed Pods Frameworks";
			outputFileListPaths = (
			);
			outputPaths = (
				"${TARGET_BUILD_DIR}/${FRAMEWORKS_FOLDER_PATH}/GTMSessionFetcher.framework",
				"${TARGET_BUILD_DIR}/${FRAMEWORKS_FOLDER_PATH}/GoogleAPIClientForREST.framework",
				"${TARGET_BUILD_DIR}/${FRAMEWORKS_FOLDER_PATH}/GoogleToolboxForMac.framework",
				"${TARGET_BUILD_DIR}/${FRAMEWORKS_FOLDER_PATH}/GoogleUtilities.framework",
				"${TARGET_BUILD_DIR}/${FRAMEWORKS_FOLDER_PATH}/Protobuf.framework",
				"${TARGET_BUILD_DIR}/${FRAMEWORKS_FOLDER_PATH}/nanopb.framework",
			);
			runOnlyForDeploymentPostprocessing = 0;
			shellPath = /bin/sh;
			shellScript = "\"${PODS_ROOT}/Target Support Files/Pods-TextRecognaizer/Pods-TextRecognaizer-frameworks.sh\"\n";
			showEnvVarsInLog = 0;
		};
/* End PBXShellScriptBuildPhase section */

/* Begin PBXSourcesBuildPhase section */
		B7317904232FD6DE0045ED22 /* Sources */ = {
			isa = PBXSourcesBuildPhase;
			buildActionMask = 2147483647;
			files = (
				B7E792F5233CBE760028660D /* RecognitionViewController.swift in Sources */,
				B731790E232FD6DE0045ED22 /* ViewController.swift in Sources */,
				B7C578E72338AFFD00C725DC /* UIImage+Crop.swift in Sources */,
				B7C578EE2338AFFD00C725DC /* CropRectView.swift in Sources */,
				B7E7930B233CBE8F0028660D /* ScaledElementProcessor.swift in Sources */,
				B7C578F02338B3F600C725DC /* OrientationAppService.swift in Sources */,
				B731790C232FD6DE0045ED22 /* AppDelegate.swift in Sources */,
				B731791E232FD8DF0045ED22 /* CameraViewController.swift in Sources */,
				B7C578EA2338AFFD00C725DC /* CropView.swift in Sources */,
				B7C578EB2338AFFD00C725DC /* ResizeControl.swift in Sources */,
				B7E79314233CC25C0028660D /* CameraButton.swift in Sources */,
				B7C578EC2338AFFD00C725DC /* CropViewController.swift in Sources */,
			);
			runOnlyForDeploymentPostprocessing = 0;
		};
/* End PBXSourcesBuildPhase section */

/* Begin PBXVariantGroup section */
		B7317914232FD6DF0045ED22 /* LaunchScreen.storyboard */ = {
			isa = PBXVariantGroup;
			children = (
				B7317915232FD6DF0045ED22 /* Base */,
			);
			name = LaunchScreen.storyboard;
			sourceTree = "<group>";
		};
/* End PBXVariantGroup section */

/* Begin XCBuildConfiguration section */
		B7317918232FD6DF0045ED22 /* Debug */ = {
			isa = XCBuildConfiguration;
			buildSettings = {
				ALWAYS_SEARCH_USER_PATHS = NO;
				CLANG_ANALYZER_NONNULL = YES;
				CLANG_ANALYZER_NUMBER_OBJECT_CONVERSION = YES_AGGRESSIVE;
				CLANG_CXX_LANGUAGE_STANDARD = "gnu++14";
				CLANG_CXX_LIBRARY = "libc++";
				CLANG_ENABLE_MODULES = YES;
				CLANG_ENABLE_OBJC_ARC = YES;
				CLANG_ENABLE_OBJC_WEAK = YES;
				CLANG_WARN_BLOCK_CAPTURE_AUTORELEASING = YES;
				CLANG_WARN_BOOL_CONVERSION = YES;
				CLANG_WARN_COMMA = YES;
				CLANG_WARN_CONSTANT_CONVERSION = YES;
				CLANG_WARN_DEPRECATED_OBJC_IMPLEMENTATIONS = YES;
				CLANG_WARN_DIRECT_OBJC_ISA_USAGE = YES_ERROR;
				CLANG_WARN_DOCUMENTATION_COMMENTS = YES;
				CLANG_WARN_EMPTY_BODY = YES;
				CLANG_WARN_ENUM_CONVERSION = YES;
				CLANG_WARN_INFINITE_RECURSION = YES;
				CLANG_WARN_INT_CONVERSION = YES;
				CLANG_WARN_NON_LITERAL_NULL_CONVERSION = YES;
				CLANG_WARN_OBJC_IMPLICIT_RETAIN_SELF = YES;
				CLANG_WARN_OBJC_LITERAL_CONVERSION = YES;
				CLANG_WARN_OBJC_ROOT_CLASS = YES_ERROR;
				CLANG_WARN_RANGE_LOOP_ANALYSIS = YES;
				CLANG_WARN_STRICT_PROTOTYPES = YES;
				CLANG_WARN_SUSPICIOUS_MOVE = YES;
				CLANG_WARN_UNGUARDED_AVAILABILITY = YES_AGGRESSIVE;
				CLANG_WARN_UNREACHABLE_CODE = YES;
				CLANG_WARN__DUPLICATE_METHOD_MATCH = YES;
				CODE_SIGN_IDENTITY = "iPhone Developer";
				COPY_PHASE_STRIP = NO;
				DEBUG_INFORMATION_FORMAT = dwarf;
				ENABLE_STRICT_OBJC_MSGSEND = YES;
				ENABLE_TESTABILITY = YES;
				GCC_C_LANGUAGE_STANDARD = gnu11;
				GCC_DYNAMIC_NO_PIC = NO;
				GCC_NO_COMMON_BLOCKS = YES;
				GCC_OPTIMIZATION_LEVEL = 0;
				GCC_PREPROCESSOR_DEFINITIONS = (
					"DEBUG=1",
					"$(inherited)",
				);
				GCC_WARN_64_TO_32_BIT_CONVERSION = YES;
				GCC_WARN_ABOUT_RETURN_TYPE = YES_ERROR;
				GCC_WARN_UNDECLARED_SELECTOR = YES;
				GCC_WARN_UNINITIALIZED_AUTOS = YES_AGGRESSIVE;
				GCC_WARN_UNUSED_FUNCTION = YES;
				GCC_WARN_UNUSED_VARIABLE = YES;
				IPHONEOS_DEPLOYMENT_TARGET = 12.2;
				MTL_ENABLE_DEBUG_INFO = INCLUDE_SOURCE;
				MTL_FAST_MATH = YES;
				ONLY_ACTIVE_ARCH = YES;
				SDKROOT = iphoneos;
				SWIFT_ACTIVE_COMPILATION_CONDITIONS = DEBUG;
				SWIFT_OPTIMIZATION_LEVEL = "-Onone";
			};
			name = Debug;
		};
		B7317919232FD6DF0045ED22 /* Release */ = {
			isa = XCBuildConfiguration;
			buildSettings = {
				ALWAYS_SEARCH_USER_PATHS = NO;
				CLANG_ANALYZER_NONNULL = YES;
				CLANG_ANALYZER_NUMBER_OBJECT_CONVERSION = YES_AGGRESSIVE;
				CLANG_CXX_LANGUAGE_STANDARD = "gnu++14";
				CLANG_CXX_LIBRARY = "libc++";
				CLANG_ENABLE_MODULES = YES;
				CLANG_ENABLE_OBJC_ARC = YES;
				CLANG_ENABLE_OBJC_WEAK = YES;
				CLANG_WARN_BLOCK_CAPTURE_AUTORELEASING = YES;
				CLANG_WARN_BOOL_CONVERSION = YES;
				CLANG_WARN_COMMA = YES;
				CLANG_WARN_CONSTANT_CONVERSION = YES;
				CLANG_WARN_DEPRECATED_OBJC_IMPLEMENTATIONS = YES;
				CLANG_WARN_DIRECT_OBJC_ISA_USAGE = YES_ERROR;
				CLANG_WARN_DOCUMENTATION_COMMENTS = YES;
				CLANG_WARN_EMPTY_BODY = YES;
				CLANG_WARN_ENUM_CONVERSION = YES;
				CLANG_WARN_INFINITE_RECURSION = YES;
				CLANG_WARN_INT_CONVERSION = YES;
				CLANG_WARN_NON_LITERAL_NULL_CONVERSION = YES;
				CLANG_WARN_OBJC_IMPLICIT_RETAIN_SELF = YES;
				CLANG_WARN_OBJC_LITERAL_CONVERSION = YES;
				CLANG_WARN_OBJC_ROOT_CLASS = YES_ERROR;
				CLANG_WARN_RANGE_LOOP_ANALYSIS = YES;
				CLANG_WARN_STRICT_PROTOTYPES = YES;
				CLANG_WARN_SUSPICIOUS_MOVE = YES;
				CLANG_WARN_UNGUARDED_AVAILABILITY = YES_AGGRESSIVE;
				CLANG_WARN_UNREACHABLE_CODE = YES;
				CLANG_WARN__DUPLICATE_METHOD_MATCH = YES;
				CODE_SIGN_IDENTITY = "iPhone Developer";
				COPY_PHASE_STRIP = NO;
				DEBUG_INFORMATION_FORMAT = "dwarf-with-dsym";
				ENABLE_NS_ASSERTIONS = NO;
				ENABLE_STRICT_OBJC_MSGSEND = YES;
				GCC_C_LANGUAGE_STANDARD = gnu11;
				GCC_NO_COMMON_BLOCKS = YES;
				GCC_WARN_64_TO_32_BIT_CONVERSION = YES;
				GCC_WARN_ABOUT_RETURN_TYPE = YES_ERROR;
				GCC_WARN_UNDECLARED_SELECTOR = YES;
				GCC_WARN_UNINITIALIZED_AUTOS = YES_AGGRESSIVE;
				GCC_WARN_UNUSED_FUNCTION = YES;
				GCC_WARN_UNUSED_VARIABLE = YES;
				IPHONEOS_DEPLOYMENT_TARGET = 12.2;
				MTL_ENABLE_DEBUG_INFO = NO;
				MTL_FAST_MATH = YES;
				SDKROOT = iphoneos;
				SWIFT_COMPILATION_MODE = wholemodule;
				SWIFT_OPTIMIZATION_LEVEL = "-O";
				VALIDATE_PRODUCT = YES;
			};
			name = Release;
		};
		B731791B232FD6DF0045ED22 /* Debug */ = {
			isa = XCBuildConfiguration;
			baseConfigurationReference = DF6970F143FC44C75D57AFD6 /* Pods-TextRecognaizer.debug.xcconfig */;
			buildSettings = {
				ASSETCATALOG_COMPILER_APPICON_NAME = AppIcon;
				CODE_SIGN_STYLE = Automatic;
				DEVELOPMENT_TEAM = 63MJY5QF87;
				INFOPLIST_FILE = "$(SRCROOT)/TextRecognaizer/others/Info.plist";
				LD_RUNPATH_SEARCH_PATHS = (
					"$(inherited)",
					"@executable_path/Frameworks",
				);
				PRODUCT_BUNDLE_IDENTIFIER = akonoplev.TextRecognaizer;
				PRODUCT_NAME = "$(TARGET_NAME)";
				SWIFT_VERSION = 5.0;
				TARGETED_DEVICE_FAMILY = "1,2";
			};
			name = Debug;
		};
		B731791C232FD6DF0045ED22 /* Release */ = {
			isa = XCBuildConfiguration;
			baseConfigurationReference = FE603C6834476F9D759B2624 /* Pods-TextRecognaizer.release.xcconfig */;
			buildSettings = {
				ASSETCATALOG_COMPILER_APPICON_NAME = AppIcon;
				CODE_SIGN_STYLE = Automatic;
				DEVELOPMENT_TEAM = 63MJY5QF87;
				INFOPLIST_FILE = "$(SRCROOT)/TextRecognaizer/others/Info.plist";
				LD_RUNPATH_SEARCH_PATHS = (
					"$(inherited)",
					"@executable_path/Frameworks",
				);
				PRODUCT_BUNDLE_IDENTIFIER = akonoplev.TextRecognaizer;
				PRODUCT_NAME = "$(TARGET_NAME)";
				SWIFT_VERSION = 5.0;
				TARGETED_DEVICE_FAMILY = "1,2";
			};
			name = Release;
		};
/* End XCBuildConfiguration section */

/* Begin XCConfigurationList section */
		B7317903232FD6DE0045ED22 /* Build configuration list for PBXProject "TextRecognaizer" */ = {
			isa = XCConfigurationList;
			buildConfigurations = (
				B7317918232FD6DF0045ED22 /* Debug */,
				B7317919232FD6DF0045ED22 /* Release */,
			);
			defaultConfigurationIsVisible = 0;
			defaultConfigurationName = Release;
		};
		B731791A232FD6DF0045ED22 /* Build configuration list for PBXNativeTarget "TextRecognaizer" */ = {
			isa = XCConfigurationList;
			buildConfigurations = (
				B731791B232FD6DF0045ED22 /* Debug */,
				B731791C232FD6DF0045ED22 /* Release */,
			);
			defaultConfigurationIsVisible = 0;
			defaultConfigurationName = Release;
		};
/* End XCConfigurationList section */
	};
	rootObject = B7317900232FD6DE0045ED22 /* Project object */;
}
